{
  "lockfile-version": 1,
  "manifest": {
    "version": 1,
    "install": {
      "gum": {
        "pkg-path": "gum"
      },
      "python3": {
        "pkg-path": "python3"
      }
    },
    "hook": {},
    "profile": {
      "common": "  echo \"\"\n  gum style \\\n    --foreground 212 --border-foreground 212 --border double \\\n    --align center --width 52 --padding \"1 3\" \\\n    \"  ✦ Welcome to Luckyflox ✦  \"\n  echo \"\"\n"
    },
    "options": {},
    "build": {
      "luckyflox": {
        "command": "  mkdir -p $out/bin\n  pwd\n  cp ./src/luckyflox.py $out/bin/luckyflox\n",
        "version": "0.0.1",
        "description": "The luckiest project ever"
      }
    }
  },
  "packages": [
    {
      "attr_path": "gum",
      "broken": false,
      "derivation": "/nix/store/a1l884a7ihsnpbbsv7dgyhrhxr0dy88g-gum-0.17.0.drv",
      "description": "Tasty Bubble Gum for your shell",
      "install_id": "gum",
      "license": "MIT",
      "locked_url": "https://github.com/flox/nixpkgs?rev=0182a361324364ae3f436a63005877674cf45efb",
      "name": "gum-0.17.0",
      "pname": "gum",
      "rev": "0182a361324364ae3f436a63005877674cf45efb",
      "rev_count": 948083,
      "rev_date": "2026-02-17T23:04:30Z",
      "scrape_date": "2026-02-19T04:39:53.488795Z",
      "stabilities": [
        "unstable"
      ],
      "unfree": false,
      "version": "0.17.0",
      "outputs_to_install": [
        "out",
        "out"
      ],
      "outputs": {
        "out": "/nix/store/pjh70r1gc4ylrc925kp6k74223n2r0hb-gum-0.17.0"
      },
      "system": "aarch64-darwin",
      "group": "toplevel",
      "priority": 5
    },
    {
      "attr_path": "gum",
      "broken": false,
      "derivation": "/nix/store/lx61h7w2incwsb6ijqi26qw14q47l7iv-gum-0.17.0.drv",
      "description": "Tasty Bubble Gum for your shell",
      "install_id": "gum",
      "license": "MIT",
      "locked_url": "https://github.com/flox/nixpkgs?rev=0182a361324364ae3f436a63005877674cf45efb",
      "name": "gum-0.17.0",
      "pname": "gum",
      "rev": "0182a361324364ae3f436a63005877674cf45efb",
      "rev_count": 948083,
      "rev_date": "2026-02-17T23:04:30Z",
      "scrape_date": "2026-02-19T05:12:56.379612Z",
      "stabilities": [
        "unstable"
      ],
      "unfree": false,
      "version": "0.17.0",
      "outputs_to_install": [
        "out"
      ],
      "outputs": {
        "out": "/nix/store/7c6164p77vlzpbj5npz4nrn0gvylks50-gum-0.17.0"
      },
      "system": "aarch64-linux",
      "group": "toplevel",
      "priority": 5
    },
    {
      "attr_path": "gum",
      "broken": false,
      "derivation": "/nix/store/wd6qk0640rnnxi361ry2x2fb7bxsdixv-gum-0.17.0.drv",
      "description": "Tasty Bubble Gum for your shell",
      "install_id": "gum",
      "license": "MIT",
      "locked_url": "https://github.com/flox/nixpkgs?rev=0182a361324364ae3f436a63005877674cf45efb",
      "name": "gum-0.17.0",
      "pname": "gum",
      "rev": "0182a361324364ae3f436a63005877674cf45efb",
      "rev_count": 948083,
      "rev_date": "2026-02-17T23:04:30Z",
      "scrape_date": "2026-02-19T05:45:38.547352Z",
      "stabilities": [
        "unstable"
      ],
      "unfree": false,
      "version": "0.17.0",
      "outputs_to_install": [
        "out"
      ],
      "outputs": {
        "out": "/nix/store/xff8di1nlgqx2k7q5z6ma7jc02k5ravf-gum-0.17.0"
      },
      "system": "x86_64-darwin",
      "group": "toplevel",
      "priority": 5
    },
    {
      "attr_path": "gum",
      "broken": false,
      "derivation": "/nix/store/wkbcrdfhd3cifqw3gllsz2bsmik82c7v-gum-0.17.0.drv",
      "description": "Tasty Bubble Gum for your shell",
      "install_id": "gum",
      "license": "MIT",
      "locked_url": "https://github.com/flox/nixpkgs?rev=0182a361324364ae3f436a63005877674cf45efb",
      "name": "gum-0.17.0",
      "pname": "gum",
      "rev": "0182a361324364ae3f436a63005877674cf45efb",
      "rev_count": 948083,
      "rev_date": "2026-02-17T23:04:30Z",
      "scrape_date": "2026-02-19T06:23:25.652117Z",
      "stabilities": [
        "unstable"
      ],
      "unfree": false,
      "version": "0.17.0",
      "outputs_to_install": [
        "out",
        "out",
        "out"
      ],
      "outputs": {
        "out": "/nix/store/99an674pwfn3fnhl050kkng9v8a3l1qb-gum-0.17.0"
      },
      "system": "x86_64-linux",
      "group": "toplevel",
      "priority": 5
    },
    {
      "attr_path": "python3",
      "broken": false,
      "derivation": "/nix/store/2f9f2hcw24ncf86i63v9apf9s0k2fgyz-python3-3.13.11.drv",
      "description": "High-level dynamically-typed programming language",
      "install_id": "python3",
      "license": "Python-2.0",
      "locked_url": "https://github.com/flox/nixpkgs?rev=0182a361324364ae3f436a63005877674cf45efb",
      "name": "python3-3.13.11",
      "pname": "python3",
      "rev": "0182a361324364ae3f436a63005877674cf45efb",
      "rev_count": 948083,
      "rev_date": "2026-02-17T23:04:30Z",
      "scrape_date": "2026-02-19T04:40:32.509072Z",
      "stabilities": [
        "unstable"
      ],
      "unfree": false,
      "version": "3.13.11",
      "outputs_to_install": [
        "out",
        "out",
        "out",
        "out",
        "out"
      ],
      "outputs": {
        "out": "/nix/store/qzgxkh5rnlswnj5ywhag0djwvn83kr3r-python3-3.13.11"
      },
      "system": "aarch64-darwin",
      "group": "toplevel",
      "priority": 5
    },
    {
      "attr_path": "python3",
      "broken": false,
      "derivation": "/nix/store/cadmaxzh2h1i0id6zfa5zq0mjpr9qqda-python3-3.13.11.drv",
      "description": "High-level dynamically-typed programming language",
      "install_id": "python3",
      "license": "Python-2.0",
      "locked_url": "https://github.com/flox/nixpkgs?rev=0182a361324364ae3f436a63005877674cf45efb",
      "name": "python3-3.13.11",
      "pname": "python3",
      "rev": "0182a361324364ae3f436a63005877674cf45efb",
      "rev_count": 948083,
      "rev_date": "2026-02-17T23:04:30Z",
      "scrape_date": "2026-02-19T05:13:54.870078Z",
      "stabilities": [
        "unstable"
      ],
      "unfree": false,
      "version": "3.13.11",
      "outputs_to_install": [
        "out",
        "out",
        "out",
        "out",
        "out"
      ],
      "outputs": {
        "debug": "/nix/store/bzb0vriv1a1kaz9zv6lzv62zkcvvm88r-python3-3.13.11-debug",
        "out": "/nix/store/ygzfhw5nxrn7qqfqmz2s9p6cikcjqqkh-python3-3.13.11"
      },
      "system": "aarch64-linux",
      "group": "toplevel",
      "priority": 5
    },
    {
      "attr_path": "python3",
      "broken": false,
      "derivation": "/nix/store/dk525f5vnsqf4c5m90rhm2hazww34xmx-python3-3.13.11.drv",
      "description": "High-level dynamically-typed programming language",
      "install_id": "python3",
      "license": "Python-2.0",
      "locked_url": "https://github.com/flox/nixpkgs?rev=0182a361324364ae3f436a63005877674cf45efb",
      "name": "python3-3.13.11",
      "pname": "python3",
      "rev": "0182a361324364ae3f436a63005877674cf45efb",
      "rev_count": 948083,
      "rev_date": "2026-02-17T23:04:30Z",
      "scrape_date": "2026-02-19T05:46:18.558861Z",
      "stabilities": [
        "unstable"
      ],
      "unfree": false,
      "version": "3.13.11",
      "outputs_to_install": [
        "out",
        "out"
      ],
      "outputs": {
        "out": "/nix/store/5wy2gaa1kaskq3j63zwl1jw6a0ffllx5-python3-3.13.11"
      },
      "system": "x86_64-darwin",
      "group": "toplevel",
      "priority": 5
    },
    {
      "attr_path": "python3",
      "broken": false,
      "derivation": "/nix/store/bmlsz2bfdg16dr10k8rm3hmkq09h06nr-python3-3.13.11.drv",
      "description": "High-level dynamically-typed programming language",
      "install_id": "python3",
      "license": "Python-2.0",
      "locked_url": "https://github.com/flox/nixpkgs?rev=0182a361324364ae3f436a63005877674cf45efb",
      "name": "python3-3.13.11",
      "pname": "python3",
      "rev": "0182a361324364ae3f436a63005877674cf45efb",
      "rev_count": 948083,
      "rev_date": "2026-02-17T23:04:30Z",
      "scrape_date": "2026-02-19T06:24:29.787677Z",
      "stabilities": [
        "unstable"
      ],
      "unfree": false,
      "version": "3.13.11",
      "outputs_to_install": [
        "out",
        "out",
        "out",
        "out",
        "out",
        "out",
        "out"
      ],
      "outputs": {
        "debug": "/nix/store/gvhg8py0jr9v83ysqb86rr2s1yidppca-python3-3.13.11-debug",
        "out": "/nix/store/slhpx9glq7vl99bwi93bgrhn3syv98s1-python3-3.13.11"
      },
      "system": "x86_64-linux",
      "group": "toplevel",
      "priority": 5
    }
  ]
}
